# This file is automatically @generated by Poetry 1.5.1 and should not be changed by hand.

[[package]]
name = "cson"
version = "0.8"
description = "A parser for Coffeescript Object Notation (CSON)"
optional = false
python-versions = "*"
files = [
    {file = "cson-0.8-py2.py3-none-any.whl", hash = "sha256:163a18fccbb5bd0911d20f0ef5876ce5a08057b05ba212571579578f292ed100"},
    {file = "cson-0.8.tar.gz", hash = "sha256:ee8c0166fcd1f51789887197e3e8354ac7befa396fc29706bceb5af25edc9e01"},
]

[package.dependencies]
speg = "*"

[[package]]
name = "nose"
version = "1.3.7"
description = "nose extends unittest to make testing easier"
optional = false
python-versions = "*"
files = [
    {file = "nose-1.3.7-py2-none-any.whl", hash = "sha256:dadcddc0aefbf99eea214e0f1232b94f2fa9bd98fa8353711dacb112bfcbbb2a"},
    {file = "nose-1.3.7-py3-none-any.whl", hash = "sha256:9ff7c6cc443f8c51994b34a667bbcf45afd6d945be7477b52e97516fd17c53ac"},
    {file = "nose-1.3.7.tar.gz", hash = "sha256:f1bffef9cbc82628f6e7d7b40d7e255aefaa1adb6a1b1d26c69a8b79e6208a98"},
]

[[package]]
name = "speg"
version = "0.3"
description = "A PEG-based parser interpreter with memoization"
optional = false
python-versions = "*"
files = [
    {file = "speg-0.3.zip", hash = "sha256:10cbef47e168dfc62f14db575cf1c428037a2b881cee6c3cfceda0439c243e71"},
]

[metadata]
lock-version = "2.0"
python-versions = "^3.11"
content-hash = "447006513929786c3096fd05e19538f9b6afca84a7c6928ec8af4a3682f47f6a"
